
Microsoft Visual Studio Solution File, Format Version 12.00
# Visual Studio Version 17
VisualStudioVersion = 17.4.33403.182
MinimumVisualStudioVersion = 10.0.40219.1
Project("{FAE04EC0-301F-11D3-BF4B-00C04F79EFBC}") = "HR23", "HR23.csproj", "{487FE346-F717-42F2-9DE7-9D70E0C874BB}"
EndProject
Global
	GlobalSection(SolutionConfigurationPlatforms) = preSolution
		Debug|Any CPU = Debug|Any CPU
		Release|Any CPU = Release|Any CPU
	EndGlobalSection
	GlobalSection(ProjectConfigurationPlatforms) = postSolution
		{487FE346-F717-42F2-9DE7-9D70E0C874BB}.Debug|Any CPU.ActiveCfg = Debug|Any CPU
		{487FE346-F717-42F2-9DE7-9D70E0C874BB}.Debug|Any CPU.Build.0 = Debug|Any CPU
		{487FE346-F717-42F2-9DE7-9D70E0C874BB}.Release|Any CPU.ActiveCfg = Release|Any CPU
		{487FE346-F717-42F2-9DE7-9D70E0C874BB}.Release|Any CPU.Build.0 = Release|Any CPU
	EndGlobalSection
	GlobalSection(SolutionProperties) = preSolution
		HideSolutionNode = FALSE
	EndGlobalSection
	GlobalSection(ExtensibilityGlobals) = postSolution
		SolutionGuid = {2927D8EA-2A36-4AB6-A355-F04E8FAC5756}
	EndGlobalSection
EndGlobal
